
Microsoft Visual Studio Solution File, Format Version 12.00
# Visual Studio 15
VisualStudioVersion = 15.0.26730.10
MinimumVisualStudioVersion = 10.0.40219.1
Project("{FAE04EC0-301F-11D3-BF4B-00C04F79EFBC}") = "csharp-find-the-stray-number", "csharp-find-the-stray-number\csharp-find-the-stray-number.csproj", "{B019661B-9255-4110-9DC3-B2A20790255B}"
EndProject
Global
	GlobalSection(SolutionConfigurationPlatforms) = preSolution
		Debug|Any CPU = Debug|Any CPU
		Release|Any CPU = Release|Any CPU
	EndGlobalSection
	GlobalSection(ProjectConfigurationPlatforms) = postSolution
		{B019661B-9255-4110-9DC3-B2A20790255B}.Debug|Any CPU.ActiveCfg = Debug|Any CPU
		{B019661B-9255-4110-9DC3-B2A20790255B}.Debug|Any CPU.Build.0 = Debug|Any CPU
		{B019661B-9255-4110-9DC3-B2A20790255B}.Release|Any CPU.ActiveCfg = Release|Any CPU
		{B019661B-9255-4110-9DC3-B2A20790255B}.Release|Any CPU.Build.0 = Release|Any CPU
	EndGlobalSection
	GlobalSection(SolutionProperties) = preSolution
		HideSolutionNode = FALSE
	EndGlobalSection
	GlobalSection(ExtensibilityGlobals) = postSolution
		SolutionGuid = {415AF9B1-A96B-49B0-81D0-FF73D8AE41D0}
	EndGlobalSection
EndGlobal
