
Microsoft Visual Studio Solution File, Format Version 12.00
# Visual Studio 15
VisualStudioVersion = 15.0.26730.10
MinimumVisualStudioVersion = 10.0.40219.1
Project("{FAE04EC0-301F-11D3-BF4B-00C04F79EFBC}") = "csharp-longest-word", "csharp-longest-word\csharp-longest-word.csproj", "{2EA8A999-3492-4C18-B0FC-60720BA566A3}"
EndProject
Global
	GlobalSection(SolutionConfigurationPlatforms) = preSolution
		Debug|Any CPU = Debug|Any CPU
		Release|Any CPU = Release|Any CPU
	EndGlobalSection
	GlobalSection(ProjectConfigurationPlatforms) = postSolution
		{2EA8A999-3492-4C18-B0FC-60720BA566A3}.Debug|Any CPU.ActiveCfg = Debug|Any CPU
		{2EA8A999-3492-4C18-B0FC-60720BA566A3}.Debug|Any CPU.Build.0 = Debug|Any CPU
		{2EA8A999-3492-4C18-B0FC-60720BA566A3}.Release|Any CPU.ActiveCfg = Release|Any CPU
		{2EA8A999-3492-4C18-B0FC-60720BA566A3}.Release|Any CPU.Build.0 = Release|Any CPU
	EndGlobalSection
	GlobalSection(SolutionProperties) = preSolution
		HideSolutionNode = FALSE
	EndGlobalSection
	GlobalSection(ExtensibilityGlobals) = postSolution
		SolutionGuid = {4F3F3AC9-AD83-48E0-9123-274F2AD20F88}
	EndGlobalSection
EndGlobal
